<?xml version="1.0" encoding="utf-8"?>
<Project ToolsVersion="4.0" xmlns="http://schemas.microsoft.com/developer/msbuild/2003">
  <ItemGroup>
    <Filter Include="Source Files">
      <UniqueIdentifier>{4FC737F1-C7A5-4376-A066-2A32D752A2FF}</UniqueIdentifier>
      <Extensions>cpp;c;cc;cxx;def;odl;idl;hpj;bat;asm;asmx</Extensions>
    </Filter>
    <Filter Include="Header Files">
      <UniqueIdentifier>{93995380-89BD-4b04-88EB-625FBE52EBFB}</UniqueIdentifier>
      <Extensions>h;hpp;hxx;hm;inl;inc;xsd</Extensions>
    </Filter>
    <Filter Include="Resource Files">
      <UniqueIdentifier>{67DA6AB6-F800-4c08-8B7A-83BB121AAD01}</UniqueIdentifier>
      <Extensions>rc;ico;cur;bmp;dlg;rc2;rct;bin;rgs;gif;jpg;jpeg;jpe;resx;tiff;tif;png;wav;mfcribbon-ms</Extensions>
    </Filter>
  </ItemGroup>
  <ItemGroup>
    <None Include="ReadMe.txt" />
    <None Include="res\buttons.bmp">
      <Filter>Resource Files</Filter>
    </None>
    <None Include="res\filelarge.bmp">
      <Filter>Resource Files</Filter>
    </None>
    <None Include="res\filesmall.bmp">
      <Filter>Resource Files</Filter>
    </None>
    <None Include="res\main.bmp">
      <Filter>Resource Files</Filter>
    </None>
    <None Include="res\writelarge.bmp">
      <Filter>Resource Files</Filter>
    </None>
    <None Include="res\writesmall.bmp">
      <Filter>Resource Files</Filter>
    </None>
    <None Include="res\ribbon.mfcribbon-ms">
      <Filter>Resource Files</Filter>
    </None>
    <None Include="res\NetSurvey.rc2">
      <Filter>Resource Files</Filter>
    </None>
    <None Include="res\NetSurveyDoc.ico">
      <Filter>Resource Files</Filter>
    </None>
    <None Include="res\NetSurvey.ico">
      <Filter>Resource Files</Filter>
    </None>
    <None Include="res\Toolbar.bmp">
      <Filter>Resource Files</Filter>
    </None>
    <None Include="res\Toolbar256.bmp">
      <Filter>Resource Files</Filter>
    </None>
    <None Include="res\missiont.bmp">
      <Filter>Resource Files</Filter>
    </None>
    <None Include="res\extract_source_hc.ico">
      <Filter>Resource Files</Filter>
    </None>
    <None Include="res\extract_source.ico">
      <Filter>Resource Files</Filter>
    </None>
    <None Include="res\bitmap1.bmp">
      <Filter>Resource Files</Filter>
    </None>
    <None Include="..\..\..\ToolbarLarge.bmp">
      <Filter>Resource Files</Filter>
    </None>
    <None Include="..\..\..\ToolbarSmall.bmp">
      <Filter>Resource Files</Filter>
    </None>
    <None Include="res\ToolbarLarge.bmp">
      <Filter>Resource Files</Filter>
    </None>
    <None Include="res\ToolbarSmall.bmp">
      <Filter>Resource Files</Filter>
    </None>
    <None Include="I:\comm.bmp">
      <Filter>Resource Files</Filter>
    </None>
    <None Include="res\comm.bmp">
      <Filter>Resource Files</Filter>
    </None>
    <None Include="res\04敌雷达未选.ico">
      <Filter>Resource Files</Filter>
    </None>
    <None Include="res\04敌雷达选.ico">
      <Filter>Resource Files</Filter>
    </None>
    <None Include="res\NETHOOD.ICO">
      <Filter>Resource Files</Filter>
    </None>
    <None Include="C:\Users\OCEAN\Desktop\捕获.JPG">
      <Filter>Resource Files</Filter>
    </None>
    <None Include="res\bitmap2.bmp">
      <Filter>Resource Files</Filter>
    </None>
  </ItemGroup>
  <ItemGroup>
    <ClInclude Include="NetSurvey.h">
      <Filter>Header Files</Filter>
    </ClInclude>
    <ClInclude Include="stdafx.h">
      <Filter>Header Files</Filter>
    </ClInclude>
    <ClInclude Include="targetver.h">
      <Filter>Header Files</Filter>
    </ClInclude>
    <ClInclude Include="MainFrm.h">
      <Filter>Header Files</Filter>
    </ClInclude>
    <ClInclude Include="NetSurveyDoc.h">
      <Filter>Header Files</Filter>
    </ClInclude>
    <ClInclude Include="NetSurveyView.h">
      <Filter>Header Files</Filter>
    </ClInclude>
    <ClInclude Include="Resource.h">
      <Filter>Header Files</Filter>
    </ClInclude>
    <ClInclude Include="ado2.h">
      <Filter>Header Files</Filter>
    </ClInclude>
    <ClInclude Include="BaseObject.h">
      <Filter>Header Files</Filter>
    </ClInclude>
    <ClInclude Include="CJTreeCtrl.h">
      <Filter>Header Files</Filter>
    </ClInclude>
    <ClInclude Include="CommonFunction.h">
      <Filter>Header Files</Filter>
    </ClInclude>
    <ClInclude Include="ConTabCtrl.h">
      <Filter>Header Files</Filter>
    </ClInclude>
    <ClInclude Include="customtree.h">
      <Filter>Header Files</Filter>
    </ClInclude>
    <ClInclude Include="Des.h">
      <Filter>Header Files</Filter>
    </ClInclude>
    <ClInclude Include="InPlaceCombo.h">
      <Filter>Header Files</Filter>
    </ClInclude>
    <ClInclude Include="InPlaceEdit.h">
      <Filter>Header Files</Filter>
    </ClInclude>
    <ClInclude Include="ListCtrlEx.h">
      <Filter>Header Files</Filter>
    </ClInclude>
    <ClInclude Include="ListViewEx.h">
      <Filter>Header Files</Filter>
    </ClInclude>
    <ClInclude Include="SortHeaderCtrl.h">
      <Filter>Header Files</Filter>
    </ClInclude>
    <ClInclude Include="SortListCtrl.h">
      <Filter>Header Files</Filter>
    </ClInclude>
    <ClInclude Include="tinystr.h">
      <Filter>Header Files</Filter>
    </ClInclude>
    <ClInclude Include="tinyxml.h">
      <Filter>Header Files</Filter>
    </ClInclude>
    <ClInclude Include="PROGRESSBAR.H">
      <Filter>Header Files</Filter>
    </ClInclude>
    <ClInclude Include="SourceTree.h">
      <Filter>Header Files</Filter>
    </ClInclude>
    <ClInclude Include="HelperObject.h">
      <Filter>Header Files</Filter>
    </ClInclude>
    <ClInclude Include="SourceBar.h">
      <Filter>Header Files</Filter>
    </ClInclude>
    <ClInclude Include="ComboListCtrl.h">
      <Filter>Header Files</Filter>
    </ClInclude>
    <ClInclude Include="DragDropListCtrl.h">
      <Filter>Header Files</Filter>
    </ClInclude>
    <ClInclude Include="Army.h">
      <Filter>Header Files</Filter>
    </ClInclude>
    <ClInclude Include="SetReadOnlyDialog.h">
      <Filter>Header Files</Filter>
    </ClInclude>
    <ClInclude Include="ArmyDlg.h">
      <Filter>Header Files</Filter>
    </ClInclude>
    <ClInclude Include="FilePathDlg.h">
      <Filter>Header Files</Filter>
    </ClInclude>
    <ClInclude Include="Armys.h">
      <Filter>Header Files</Filter>
    </ClInclude>
    <ClInclude Include="Surveys.h">
      <Filter>Header Files</Filter>
    </ClInclude>
    <ClInclude Include="ZGW.h">
      <Filter>Header Files</Filter>
    </ClInclude>
    <ClInclude Include="LW.h">
      <Filter>Header Files</Filter>
    </ClInclude>
    <ClInclude Include="ZGWDlg.h">
      <Filter>Header Files</Filter>
    </ClInclude>
    <ClInclude Include="LWDlg.h">
      <Filter>Header Files</Filter>
    </ClInclude>
    <ClInclude Include="UserLoginDlg.h">
      <Filter>Header Files</Filter>
    </ClInclude>
    <ClInclude Include="UserManageDlg.h">
      <Filter>Header Files</Filter>
    </ClInclude>
    <ClInclude Include="Logs.h">
      <Filter>Header Files</Filter>
    </ClInclude>
    <ClInclude Include="LogsDlg.h">
      <Filter>Header Files</Filter>
    </ClInclude>
    <ClInclude Include="ExpandingDialog.h">
      <Filter>Header Files</Filter>
    </ClInclude>
    <ClInclude Include="DataDlg.h">
      <Filter>Header Files</Filter>
    </ClInclude>
    <ClInclude Include="ModifyPassDlg.h">
      <Filter>Header Files</Filter>
    </ClInclude>
    <ClInclude Include="TabbedView.h">
      <Filter>Header Files</Filter>
    </ClInclude>
    <ClInclude Include="InfoView.h">
      <Filter>Header Files</Filter>
    </ClInclude>
    <ClInclude Include="MySplashThread.h">
      <Filter>Header Files</Filter>
    </ClInclude>
    <ClInclude Include="SplashThread.h">
      <Filter>Header Files</Filter>
    </ClInclude>
    <ClInclude Include="ExportExcelDlg.h">
      <Filter>Header Files</Filter>
    </ClInclude>
    <ClInclude Include="Application.h">
      <Filter>Header Files</Filter>
    </ClInclude>
    <ClInclude Include="Borders.h">
      <Filter>Header Files</Filter>
    </ClInclude>
    <ClInclude Include="Range.h">
      <Filter>Header Files</Filter>
    </ClInclude>
    <ClInclude Include="Workbook.h">
      <Filter>Header Files</Filter>
    </ClInclude>
    <ClInclude Include="Workbooks.h">
      <Filter>Header Files</Filter>
    </ClInclude>
    <ClInclude Include="Worksheet.h">
      <Filter>Header Files</Filter>
    </ClInclude>
    <ClInclude Include="Worksheets.h">
      <Filter>Header Files</Filter>
    </ClInclude>
  </ItemGroup>
  <ItemGroup>
    <ClCompile Include="NetSurvey.cpp">
      <Filter>Source Files</Filter>
    </ClCompile>
    <ClCompile Include="stdafx.cpp">
      <Filter>Source Files</Filter>
    </ClCompile>
    <ClCompile Include="MainFrm.cpp">
      <Filter>Source Files</Filter>
    </ClCompile>
    <ClCompile Include="NetSurveyDoc.cpp">
      <Filter>Source Files</Filter>
    </ClCompile>
    <ClCompile Include="NetSurveyView.cpp">
      <Filter>Source Files</Filter>
    </ClCompile>
    <ClCompile Include="ado2.cpp">
      <Filter>Source Files</Filter>
    </ClCompile>
    <ClCompile Include="BaseObject.cpp">
      <Filter>Source Files</Filter>
    </ClCompile>
    <ClCompile Include="CJTreeCtrl.cpp">
      <Filter>Source Files</Filter>
    </ClCompile>
    <ClCompile Include="CommonFunction.cpp">
      <Filter>Source Files</Filter>
    </ClCompile>
    <ClCompile Include="ConTabCtrl.cpp">
      <Filter>Source Files</Filter>
    </ClCompile>
    <ClCompile Include="customtree.cpp">
      <Filter>Source Files</Filter>
    </ClCompile>
    <ClCompile Include="Des.cpp">
      <Filter>Source Files</Filter>
    </ClCompile>
    <ClCompile Include="InPlaceCombo.cpp">
      <Filter>Source Files</Filter>
    </ClCompile>
    <ClCompile Include="InPlaceEdit.cpp">
      <Filter>Source Files</Filter>
    </ClCompile>
    <ClCompile Include="ListCtrlEx.cpp">
      <Filter>Source Files</Filter>
    </ClCompile>
    <ClCompile Include="ListViewEx.cpp">
      <Filter>Source Files</Filter>
    </ClCompile>
    <ClCompile Include="SortHeaderCtrl.cpp">
      <Filter>Source Files</Filter>
    </ClCompile>
    <ClCompile Include="SortListCtrl.cpp">
      <Filter>Source Files</Filter>
    </ClCompile>
    <ClCompile Include="tinystr.cpp">
      <Filter>Source Files</Filter>
    </ClCompile>
    <ClCompile Include="tinyxml.cpp">
      <Filter>Source Files</Filter>
    </ClCompile>
    <ClCompile Include="tinyxmlerror.cpp">
      <Filter>Source Files</Filter>
    </ClCompile>
    <ClCompile Include="tinyxmlparser.cpp">
      <Filter>Source Files</Filter>
    </ClCompile>
    <ClCompile Include="PROGRESSBAR.CPP">
      <Filter>Source Files</Filter>
    </ClCompile>
    <ClCompile Include="SourceTree.cpp">
      <Filter>Source Files</Filter>
    </ClCompile>
    <ClCompile Include="HelperObject.cpp">
      <Filter>Source Files</Filter>
    </ClCompile>
    <ClCompile Include="SourceBar.cpp">
      <Filter>Source Files</Filter>
    </ClCompile>
    <ClCompile Include="ComboListCtrl.cpp">
      <Filter>Source Files</Filter>
    </ClCompile>
    <ClCompile Include="DragDropListCtrl.cpp">
      <Filter>Source Files</Filter>
    </ClCompile>
    <ClCompile Include="Army.cpp">
      <Filter>Source Files</Filter>
    </ClCompile>
    <ClCompile Include="SetReadOnlyDialog.cpp">
      <Filter>Source Files</Filter>
    </ClCompile>
    <ClCompile Include="ArmyDlg.cpp">
      <Filter>Source Files</Filter>
    </ClCompile>
    <ClCompile Include="FilePathDlg.cpp">
      <Filter>Source Files</Filter>
    </ClCompile>
    <ClCompile Include="Armys.cpp">
      <Filter>Source Files</Filter>
    </ClCompile>
    <ClCompile Include="Surveys.cpp">
      <Filter>Source Files</Filter>
    </ClCompile>
    <ClCompile Include="ZGW.cpp">
      <Filter>Source Files</Filter>
    </ClCompile>
    <ClCompile Include="LW.cpp">
      <Filter>Source Files</Filter>
    </ClCompile>
    <ClCompile Include="ZGWDlg.cpp">
      <Filter>Source Files</Filter>
    </ClCompile>
    <ClCompile Include="LWDlg.cpp">
      <Filter>Source Files</Filter>
    </ClCompile>
    <ClCompile Include="UserLoginDlg.cpp">
      <Filter>Source Files</Filter>
    </ClCompile>
    <ClCompile Include="UserManageDlg.cpp">
      <Filter>Source Files</Filter>
    </ClCompile>
    <ClCompile Include="Logs.cpp">
      <Filter>Source Files</Filter>
    </ClCompile>
    <ClCompile Include="LogsDlg.cpp">
      <Filter>Source Files</Filter>
    </ClCompile>
    <ClCompile Include="ExpandingDialog.cpp">
      <Filter>Source Files</Filter>
    </ClCompile>
    <ClCompile Include="DataDlg.cpp">
      <Filter>Source Files</Filter>
    </ClCompile>
    <ClCompile Include="ModifyPassDlg.cpp">
      <Filter>Source Files</Filter>
    </ClCompile>
    <ClCompile Include="TabbedView.cpp">
      <Filter>Source Files</Filter>
    </ClCompile>
    <ClCompile Include="InfoView.cpp">
      <Filter>Source Files</Filter>
    </ClCompile>
    <ClCompile Include="MySplashThread.cpp">
      <Filter>Source Files</Filter>
    </ClCompile>
    <ClCompile Include="SplashThread.cpp">
      <Filter>Source Files</Filter>
    </ClCompile>
    <ClCompile Include="ExportExcelDlg.cpp">
      <Filter>Source Files</Filter>
    </ClCompile>
  </ItemGroup>
  <ItemGroup>
    <ResourceCompile Include="NetSurvey.rc">
      <Filter>Resource Files</Filter>
    </ResourceCompile>
  </ItemGroup>
</Project>